
Microsoft Visual Studio Solution File, Format Version 12.00
# Visual Studio Version 17
VisualStudioVersion = 17.10.35004.147
MinimumVisualStudioVersion = 10.0.40219.1
Project("{9A19103F-16F7-4668-BE54-9A1E7A4F7556}") = "CSharpAPI", "CSharpAPI.csproj", "{74849649-EEE9-4C3D-94C8-947652CEDE6C}"
EndProject
Global
	GlobalSection(SolutionConfigurationPlatforms) = preSolution
		Debug|Any CPU = Debug|Any CPU
		Release|Any CPU = Release|Any CPU
	EndGlobalSection
	GlobalSection(ProjectConfigurationPlatforms) = postSolution
		{74849649-EEE9-4C3D-94C8-947652CEDE6C}.Debug|Any CPU.ActiveCfg = Debug|Any CPU
		{74849649-EEE9-4C3D-94C8-947652CEDE6C}.Debug|Any CPU.Build.0 = Debug|Any CPU
		{74849649-EEE9-4C3D-94C8-947652CEDE6C}.Release|Any CPU.ActiveCfg = Release|Any CPU
		{74849649-EEE9-4C3D-94C8-947652CEDE6C}.Release|Any CPU.Build.0 = Release|Any CPU
	EndGlobalSection
	GlobalSection(SolutionProperties) = preSolution
		HideSolutionNode = FALSE
	EndGlobalSection
	GlobalSection(ExtensibilityGlobals) = postSolution
		SolutionGuid = {C75427D4-CBBE-4129-A9C0-747868528695}
	EndGlobalSection
EndGlobal
